
Microsoft Visual Studio Solution File, Format Version 12.00
# Visual Studio Version 16
VisualStudioVersion = 16.0.28803.452
MinimumVisualStudioVersion = 10.0.40219.1
Project("{FAE04EC0-301F-11D3-BF4B-00C04F79EFBC}") = "DapperSample", "DapperSample\DapperSample.csproj", "{A763BDB2-1F97-4C96-AF9A-8FF3753DDBA6}"
EndProject
Global
	GlobalSection(SolutionConfigurationPlatforms) = preSolution
		Debug|Any CPU = Debug|Any CPU
		Release|Any CPU = Release|Any CPU
	EndGlobalSection
	GlobalSection(ProjectConfigurationPlatforms) = postSolution
		{A763BDB2-1F97-4C96-AF9A-8FF3753DDBA6}.Debug|Any CPU.ActiveCfg = Debug|Any CPU
		{A763BDB2-1F97-4C96-AF9A-8FF3753DDBA6}.Debug|Any CPU.Build.0 = Debug|Any CPU
		{A763BDB2-1F97-4C96-AF9A-8FF3753DDBA6}.Release|Any CPU.ActiveCfg = Release|Any CPU
		{A763BDB2-1F97-4C96-AF9A-8FF3753DDBA6}.Release|Any CPU.Build.0 = Release|Any CPU
	EndGlobalSection
	GlobalSection(SolutionProperties) = preSolution
		HideSolutionNode = FALSE
	EndGlobalSection
	GlobalSection(ExtensibilityGlobals) = postSolution
		SolutionGuid = {97FD8463-38CE-4EF0-B1B5-1B0B24D1C949}
	EndGlobalSection
EndGlobal
